
Microsoft Visual Studio Solution File, Format Version 12.00
# Visual Studio 14
VisualStudioVersion = 14.0.25420.1
MinimumVisualStudioVersion = 10.0.40219.1
Project("{FAE04EC0-301F-11D3-BF4B-00C04F79EFBC}") = "RSA", "RSA\RSA.csproj", "{A62E9B5A-E528-44AB-BA1A-D66565FA63DC}"
EndProject
Project("{FAE04EC0-301F-11D3-BF4B-00C04F79EFBC}") = "Server", "ConsoleApplication1\Server.csproj", "{0A93D4DF-A27E-4869-9B7D-78F6E857E2D4}"
EndProject
Project("{FAE04EC0-301F-11D3-BF4B-00C04F79EFBC}") = "Client", "Client\Client.csproj", "{756110EE-98B1-4991-8704-9A4867967119}"
EndProject
Project("{FAE04EC0-301F-11D3-BF4B-00C04F79EFBC}") = "Helpers", "Helpers\Helpers.csproj", "{31516A72-3CEE-4831-87E3-D75EBC70EED4}"
EndProject
Global
	GlobalSection(SolutionConfigurationPlatforms) = preSolution
		Debug|Any CPU = Debug|Any CPU
		Release|Any CPU = Release|Any CPU
	EndGlobalSection
	GlobalSection(ProjectConfigurationPlatforms) = postSolution
		{A62E9B5A-E528-44AB-BA1A-D66565FA63DC}.Debug|Any CPU.ActiveCfg = Debug|Any CPU
		{A62E9B5A-E528-44AB-BA1A-D66565FA63DC}.Debug|Any CPU.Build.0 = Debug|Any CPU
		{A62E9B5A-E528-44AB-BA1A-D66565FA63DC}.Release|Any CPU.ActiveCfg = Release|Any CPU
		{A62E9B5A-E528-44AB-BA1A-D66565FA63DC}.Release|Any CPU.Build.0 = Release|Any CPU
		{0A93D4DF-A27E-4869-9B7D-78F6E857E2D4}.Debug|Any CPU.ActiveCfg = Debug|Any CPU
		{0A93D4DF-A27E-4869-9B7D-78F6E857E2D4}.Debug|Any CPU.Build.0 = Debug|Any CPU
		{0A93D4DF-A27E-4869-9B7D-78F6E857E2D4}.Release|Any CPU.ActiveCfg = Release|Any CPU
		{0A93D4DF-A27E-4869-9B7D-78F6E857E2D4}.Release|Any CPU.Build.0 = Release|Any CPU
		{756110EE-98B1-4991-8704-9A4867967119}.Debug|Any CPU.ActiveCfg = Debug|Any CPU
		{756110EE-98B1-4991-8704-9A4867967119}.Debug|Any CPU.Build.0 = Debug|Any CPU
		{756110EE-98B1-4991-8704-9A4867967119}.Release|Any CPU.ActiveCfg = Release|Any CPU
		{756110EE-98B1-4991-8704-9A4867967119}.Release|Any CPU.Build.0 = Release|Any CPU
		{31516A72-3CEE-4831-87E3-D75EBC70EED4}.Debug|Any CPU.ActiveCfg = Debug|Any CPU
		{31516A72-3CEE-4831-87E3-D75EBC70EED4}.Debug|Any CPU.Build.0 = Debug|Any CPU
		{31516A72-3CEE-4831-87E3-D75EBC70EED4}.Release|Any CPU.ActiveCfg = Release|Any CPU
		{31516A72-3CEE-4831-87E3-D75EBC70EED4}.Release|Any CPU.Build.0 = Release|Any CPU
	EndGlobalSection
	GlobalSection(SolutionProperties) = preSolution
		HideSolutionNode = FALSE
	EndGlobalSection
EndGlobal
